
Microsoft Visual Studio Solution File, Format Version 12.00
# Visual Studio 15
VisualStudioVersion = 15.0.27703.2035
MinimumVisualStudioVersion = 10.0.40219.1
Project("{FAE04EC0-301F-11D3-BF4B-00C04F79EFBC}") = "Week5Demo", "Week5Demo\Week5Demo.csproj", "{50295249-59D4-4F68-A042-AB327822EA3B}"
EndProject
Project("{FAE04EC0-301F-11D3-BF4B-00C04F79EFBC}") = "Week5Demo1Class", "Week5Demo1Class\Week5Demo1Class.csproj", "{AAAB5464-B559-4968-9660-62CD5240257B}"
EndProject
Project("{FAE04EC0-301F-11D3-BF4B-00C04F79EFBC}") = "Week5Demo2FileAccess", "Week5Demo2FileAccess\Week5Demo2FileAccess.csproj", "{C8B829AB-0CD9-4DCD-B891-0143677A84E3}"
EndProject
Project("{FAE04EC0-301F-11D3-BF4B-00C04F79EFBC}") = "Week5Demo3MultipleConstructor", "Week5Demo3MultipleConstructor\Week5Demo3MultipleConstructor.csproj", "{9FE319FD-1968-4618-809C-8137EAFD4546}"
EndProject
Global
	GlobalSection(SolutionConfigurationPlatforms) = preSolution
		Debug|Any CPU = Debug|Any CPU
		Release|Any CPU = Release|Any CPU
	EndGlobalSection
	GlobalSection(ProjectConfigurationPlatforms) = postSolution
		{50295249-59D4-4F68-A042-AB327822EA3B}.Debug|Any CPU.ActiveCfg = Debug|Any CPU
		{50295249-59D4-4F68-A042-AB327822EA3B}.Debug|Any CPU.Build.0 = Debug|Any CPU
		{50295249-59D4-4F68-A042-AB327822EA3B}.Release|Any CPU.ActiveCfg = Release|Any CPU
		{50295249-59D4-4F68-A042-AB327822EA3B}.Release|Any CPU.Build.0 = Release|Any CPU
		{AAAB5464-B559-4968-9660-62CD5240257B}.Debug|Any CPU.ActiveCfg = Debug|Any CPU
		{AAAB5464-B559-4968-9660-62CD5240257B}.Debug|Any CPU.Build.0 = Debug|Any CPU
		{AAAB5464-B559-4968-9660-62CD5240257B}.Release|Any CPU.ActiveCfg = Release|Any CPU
		{AAAB5464-B559-4968-9660-62CD5240257B}.Release|Any CPU.Build.0 = Release|Any CPU
		{C8B829AB-0CD9-4DCD-B891-0143677A84E3}.Debug|Any CPU.ActiveCfg = Debug|Any CPU
		{C8B829AB-0CD9-4DCD-B891-0143677A84E3}.Debug|Any CPU.Build.0 = Debug|Any CPU
		{C8B829AB-0CD9-4DCD-B891-0143677A84E3}.Release|Any CPU.ActiveCfg = Release|Any CPU
		{C8B829AB-0CD9-4DCD-B891-0143677A84E3}.Release|Any CPU.Build.0 = Release|Any CPU
		{9FE319FD-1968-4618-809C-8137EAFD4546}.Debug|Any CPU.ActiveCfg = Debug|Any CPU
		{9FE319FD-1968-4618-809C-8137EAFD4546}.Debug|Any CPU.Build.0 = Debug|Any CPU
		{9FE319FD-1968-4618-809C-8137EAFD4546}.Release|Any CPU.ActiveCfg = Release|Any CPU
		{9FE319FD-1968-4618-809C-8137EAFD4546}.Release|Any CPU.Build.0 = Release|Any CPU
	EndGlobalSection
	GlobalSection(SolutionProperties) = preSolution
		HideSolutionNode = FALSE
	EndGlobalSection
	GlobalSection(ExtensibilityGlobals) = postSolution
		SolutionGuid = {30738880-72CD-498C-83D9-D5ACCB9FB188}
	EndGlobalSection
EndGlobal
