
Microsoft Visual Studio Solution File, Format Version 12.00
# Visual Studio 15
VisualStudioVersion = 15.0.27703.2035
MinimumVisualStudioVersion = 10.0.40219.1
Project("{FAE04EC0-301F-11D3-BF4B-00C04F79EFBC}") = "Week4Demo", "Week4Demo\Week4Demo.csproj", "{FCFA940E-6C48-4E08-A8AA-94353ADFBA6C}"
EndProject
Global
	GlobalSection(SolutionConfigurationPlatforms) = preSolution
		Debug|Any CPU = Debug|Any CPU
		Release|Any CPU = Release|Any CPU
	EndGlobalSection
	GlobalSection(ProjectConfigurationPlatforms) = postSolution
		{FCFA940E-6C48-4E08-A8AA-94353ADFBA6C}.Debug|Any CPU.ActiveCfg = Debug|Any CPU
		{FCFA940E-6C48-4E08-A8AA-94353ADFBA6C}.Debug|Any CPU.Build.0 = Debug|Any CPU
		{FCFA940E-6C48-4E08-A8AA-94353ADFBA6C}.Release|Any CPU.ActiveCfg = Release|Any CPU
		{FCFA940E-6C48-4E08-A8AA-94353ADFBA6C}.Release|Any CPU.Build.0 = Release|Any CPU
	EndGlobalSection
	GlobalSection(SolutionProperties) = preSolution
		HideSolutionNode = FALSE
	EndGlobalSection
	GlobalSection(ExtensibilityGlobals) = postSolution
		SolutionGuid = {1C3D4D5B-891F-49D1-98FE-2E4FF815E3A6}
	EndGlobalSection
EndGlobal
